// !$*UTF8*$!
{
    archiveVersion = 1;
    classes = {
    };
    objectVersion = 56;
    objects = {

/* Begin PBXBuildFile section */
        A10000000000000000000020 /* OnTrackApp.swift in Sources */ = {isa = PBXBuildFile; fileRef = A10000000000000000000010 /* OnTrackApp.swift */; };
        A10000000000000000000021 /* ContentView.swift in Sources */ = {isa = PBXBuildFile; fileRef = A10000000000000000000011 /* ContentView.swift */; };
        A10000000000000000000022 /* Models.swift in Sources */ = {isa = PBXBuildFile; fileRef = A10000000000000000000012 /* Models.swift */; };
        A10000000000000000000023 /* APIClient.swift in Sources */ = {isa = PBXBuildFile; fileRef = A10000000000000000000013 /* APIClient.swift */; };
        A10000000000000000000024 /* Assets.xcassets in Resources */ = {isa = PBXBuildFile; fileRef = A10000000000000000000015 /* Assets.xcassets */; };
        A10000000000000000000025 /* DestinationAutofill.swift in Sources */ = {isa = PBXBuildFile; fileRef = A10000000000000000000016 /* DestinationAutofill.swift */; };
        A10000000000000000000026 /* destination-autofill.json in Resources */ = {isa = PBXBuildFile; fileRef = A10000000000000000000017 /* destination-autofill.json */; };
        A10000000000000000000027 /* SupportPurchaseManager.swift in Sources */ = {isa = PBXBuildFile; fileRef = A10000000000000000000018 /* SupportPurchaseManager.swift */; };
        A10000000000000000000028 /* WidgetSnapshot.swift in Sources */ = {isa = PBXBuildFile; fileRef = A20000000000000000000013 /* WidgetSnapshot.swift */; };
        A10000000000000000000029 /* TrainWidgetContent.swift in Sources */ = {isa = PBXBuildFile; fileRef = A20000000000000000000014 /* TrainWidgetContent.swift */; };
        A1000000000000000000002A /* UpdateAvailabilityManager.swift in Sources */ = {isa = PBXBuildFile; fileRef = A1000000000000000000001B /* UpdateAvailabilityManager.swift */; };
        A20000000000000000000020 /* OnTrackWidget.swift in Sources */ = {isa = PBXBuildFile; fileRef = A20000000000000000000010 /* OnTrackWidget.swift */; };
        A20000000000000000000021 /* WidgetSnapshot.swift in Sources */ = {isa = PBXBuildFile; fileRef = A20000000000000000000013 /* WidgetSnapshot.swift */; };
        A20000000000000000000022 /* OnTrackWidget.appex in Embed App Extensions */ = {isa = PBXBuildFile; fileRef = A20000000000000000000003 /* OnTrackWidget.appex */; settings = {ATTRIBUTES = (RemoveHeadersOnCopy, ); }; };
        A20000000000000000000023 /* TrainWidgetContent.swift in Sources */ = {isa = PBXBuildFile; fileRef = A20000000000000000000014 /* TrainWidgetContent.swift */; };
        A20000000000000000000024 /* WidgetTimelineLoader.swift in Sources */ = {isa = PBXBuildFile; fileRef = A20000000000000000000015 /* WidgetTimelineLoader.swift */; };
        A20000000000000000000025 /* Models.swift in Sources */ = {isa = PBXBuildFile; fileRef = A10000000000000000000012 /* Models.swift */; };
        A20000000000000000000026 /* APIClient.swift in Sources */ = {isa = PBXBuildFile; fileRef = A10000000000000000000013 /* APIClient.swift */; };
        A20000000000000000000027 /* DestinationAutofill.swift in Sources */ = {isa = PBXBuildFile; fileRef = A10000000000000000000016 /* DestinationAutofill.swift */; };
        A20000000000000000000028 /* destination-autofill.json in Resources */ = {isa = PBXBuildFile; fileRef = A10000000000000000000017 /* destination-autofill.json */; };
        A20000000000000000000029 /* launch-logo.png in Resources */ = {isa = PBXBuildFile; fileRef = A20000000000000000000016 /* launch-logo.png */; };
        A2000000000000000000002A /* launch-logo@2x.png in Resources */ = {isa = PBXBuildFile; fileRef = A20000000000000000000017 /* launch-logo@2x.png */; };
        A2000000000000000000002B /* launch-logo@3x.png in Resources */ = {isa = PBXBuildFile; fileRef = A20000000000000000000018 /* launch-logo@3x.png */; };
/* End PBXBuildFile section */

/* Begin PBXContainerItemProxy section */
        A20000000000000000000060 /* PBXContainerItemProxy */ = {
            isa = PBXContainerItemProxy;
            containerPortal = A10000000000000000000000 /* Project object */;
            proxyType = 1;
            remoteGlobalIDString = A20000000000000000000001;
            remoteInfo = OnTrackWidget;
        };
/* End PBXContainerItemProxy section */

/* Begin PBXCopyFilesBuildPhase section */
        A10000000000000000000033 /* Embed App Extensions */ = {
            isa = PBXCopyFilesBuildPhase;
            buildActionMask = 2147483647;
            dstPath = "";
            dstSubfolderSpec = 13;
            files = (
                A20000000000000000000022 /* OnTrackWidget.appex in Embed App Extensions */,
            );
            name = "Embed App Extensions";
            runOnlyForDeploymentPostprocessing = 0;
        };
/* End PBXCopyFilesBuildPhase section */

/* Begin PBXFileReference section */
        A10000000000000000000003 /* OnTrack.app */ = {isa = PBXFileReference; explicitFileType = wrapper.application; includeInIndex = 0; path = OnTrack.app; sourceTree = BUILT_PRODUCTS_DIR; };
        A10000000000000000000010 /* OnTrackApp.swift */ = {isa = PBXFileReference; lastKnownFileType = sourcecode.swift; path = OnTrackApp.swift; sourceTree = "<group>"; };
        A10000000000000000000011 /* ContentView.swift */ = {isa = PBXFileReference; lastKnownFileType = sourcecode.swift; path = ContentView.swift; sourceTree = "<group>"; };
        A10000000000000000000012 /* Models.swift */ = {isa = PBXFileReference; lastKnownFileType = sourcecode.swift; path = Models.swift; sourceTree = "<group>"; };
        A10000000000000000000013 /* APIClient.swift */ = {isa = PBXFileReference; lastKnownFileType = sourcecode.swift; path = APIClient.swift; sourceTree = "<group>"; };
        A10000000000000000000014 /* Info.plist */ = {isa = PBXFileReference; lastKnownFileType = text.plist.xml; path = Info.plist; sourceTree = "<group>"; };
        A10000000000000000000015 /* Assets.xcassets */ = {isa = PBXFileReference; lastKnownFileType = folder.assetcatalog; path = Assets.xcassets; sourceTree = "<group>"; };
        A10000000000000000000016 /* DestinationAutofill.swift */ = {isa = PBXFileReference; lastKnownFileType = sourcecode.swift; path = DestinationAutofill.swift; sourceTree = "<group>"; };
        A10000000000000000000017 /* destination-autofill.json */ = {isa = PBXFileReference; lastKnownFileType = text.json; path = "../shared/destination-autofill.json"; sourceTree = SOURCE_ROOT; };
        A10000000000000000000018 /* SupportPurchaseManager.swift */ = {isa = PBXFileReference; lastKnownFileType = sourcecode.swift; path = SupportPurchaseManager.swift; sourceTree = "<group>"; };
        A10000000000000000000019 /* OnTrack.storekit */ = {isa = PBXFileReference; lastKnownFileType = text; path = OnTrack.storekit; sourceTree = "<group>"; };
        A1000000000000000000001A /* OnTrack.entitlements */ = {isa = PBXFileReference; lastKnownFileType = text.plist.entitlements; path = OnTrack.entitlements; sourceTree = "<group>"; };
        A1000000000000000000001B /* UpdateAvailabilityManager.swift */ = {isa = PBXFileReference; lastKnownFileType = sourcecode.swift; path = UpdateAvailabilityManager.swift; sourceTree = "<group>"; };
        A20000000000000000000003 /* OnTrackWidget.appex */ = {isa = PBXFileReference; explicitFileType = "wrapper.app-extension"; includeInIndex = 0; path = OnTrackWidget.appex; sourceTree = BUILT_PRODUCTS_DIR; };
        A20000000000000000000010 /* OnTrackWidget.swift */ = {isa = PBXFileReference; lastKnownFileType = sourcecode.swift; path = OnTrackWidget.swift; sourceTree = "<group>"; };
        A20000000000000000000011 /* Info.plist */ = {isa = PBXFileReference; lastKnownFileType = text.plist.xml; path = Info.plist; sourceTree = "<group>"; };
        A20000000000000000000012 /* OnTrackWidget.entitlements */ = {isa = PBXFileReference; lastKnownFileType = text.plist.entitlements; path = OnTrackWidget.entitlements; sourceTree = "<group>"; };
        A20000000000000000000013 /* WidgetSnapshot.swift */ = {isa = PBXFileReference; lastKnownFileType = sourcecode.swift; path = WidgetSnapshot.swift; sourceTree = "<group>"; };
        A20000000000000000000014 /* TrainWidgetContent.swift */ = {isa = PBXFileReference; lastKnownFileType = sourcecode.swift; path = TrainWidgetContent.swift; sourceTree = "<group>"; };
        A20000000000000000000015 /* WidgetTimelineLoader.swift */ = {isa = PBXFileReference; lastKnownFileType = sourcecode.swift; path = WidgetTimelineLoader.swift; sourceTree = "<group>"; };
        A20000000000000000000016 /* launch-logo.png */ = {isa = PBXFileReference; lastKnownFileType = image.png; path = "../OnTrack/Assets.xcassets/LaunchLogo.imageset/launch-logo.png"; sourceTree = "<group>"; };
        A20000000000000000000017 /* launch-logo@2x.png */ = {isa = PBXFileReference; lastKnownFileType = image.png; path = "../OnTrack/Assets.xcassets/LaunchLogo.imageset/launch-logo@2x.png"; sourceTree = "<group>"; };
        A20000000000000000000018 /* launch-logo@3x.png */ = {isa = PBXFileReference; lastKnownFileType = image.png; path = "../OnTrack/Assets.xcassets/LaunchLogo.imageset/launch-logo@3x.png"; sourceTree = "<group>"; };
/* End PBXFileReference section */

/* Begin PBXFrameworksBuildPhase section */
        A10000000000000000000031 /* Frameworks */ = {
            isa = PBXFrameworksBuildPhase;
            buildActionMask = 2147483647;
            files = (
            );
            runOnlyForDeploymentPostprocessing = 0;
        };
        A20000000000000000000031 /* Frameworks */ = {
            isa = PBXFrameworksBuildPhase;
            buildActionMask = 2147483647;
            files = (
            );
            runOnlyForDeploymentPostprocessing = 0;
        };
/* End PBXFrameworksBuildPhase section */

/* Begin PBXGroup section */
        A10000000000000000000004 = {
            isa = PBXGroup;
            children = (
                A10000000000000000000005 /* OnTrack */,
                A20000000000000000000005 /* Shared */,
                A20000000000000000000006 /* OnTrackWidget */,
                A10000000000000000000006 /* Products */,
            );
            sourceTree = "<group>";
        };
        A10000000000000000000005 /* OnTrack */ = {
            isa = PBXGroup;
            children = (
                A10000000000000000000010 /* OnTrackApp.swift */,
                A10000000000000000000011 /* ContentView.swift */,
                A10000000000000000000016 /* DestinationAutofill.swift */,
                A10000000000000000000012 /* Models.swift */,
                A10000000000000000000013 /* APIClient.swift */,
                A10000000000000000000018 /* SupportPurchaseManager.swift */,
                A1000000000000000000001B /* UpdateAvailabilityManager.swift */,
                A10000000000000000000014 /* Info.plist */,
                A10000000000000000000019 /* OnTrack.storekit */,
                A1000000000000000000001A /* OnTrack.entitlements */,
                A10000000000000000000015 /* Assets.xcassets */,
                A10000000000000000000017 /* destination-autofill.json */,
            );
            path = OnTrack;
            sourceTree = "<group>";
        };
        A10000000000000000000006 /* Products */ = {
            isa = PBXGroup;
            children = (
                A10000000000000000000003 /* OnTrack.app */,
                A20000000000000000000003 /* OnTrackWidget.appex */,
            );
            name = Products;
            sourceTree = "<group>";
        };
        A20000000000000000000005 /* Shared */ = {
            isa = PBXGroup;
            children = (
                A20000000000000000000013 /* WidgetSnapshot.swift */,
                A20000000000000000000014 /* TrainWidgetContent.swift */,
            );
            path = Shared;
            sourceTree = "<group>";
        };
        A20000000000000000000006 /* OnTrackWidget */ = {
            isa = PBXGroup;
            children = (
                A20000000000000000000010 /* OnTrackWidget.swift */,
                A20000000000000000000015 /* WidgetTimelineLoader.swift */,
                A20000000000000000000011 /* Info.plist */,
                A20000000000000000000012 /* OnTrackWidget.entitlements */,
                A20000000000000000000016 /* launch-logo.png */,
                A20000000000000000000017 /* launch-logo@2x.png */,
                A20000000000000000000018 /* launch-logo@3x.png */,
            );
            path = OnTrackWidget;
            sourceTree = "<group>";
        };
/* End PBXGroup section */

/* Begin PBXNativeTarget section */
        A10000000000000000000001 /* OnTrack */ = {
            isa = PBXNativeTarget;
            buildConfigurationList = A10000000000000000000051 /* Build configuration list for PBXNativeTarget "OnTrack" */;
            buildPhases = (
                A10000000000000000000030 /* Sources */,
                A10000000000000000000031 /* Frameworks */,
                A10000000000000000000032 /* Resources */,
                A10000000000000000000033 /* Embed App Extensions */,
            );
            buildRules = (
            );
            dependencies = (
                A20000000000000000000061 /* PBXTargetDependency */,
            );
            name = OnTrack;
            productName = OnTrack;
            productReference = A10000000000000000000003 /* OnTrack.app */;
            productType = "com.apple.product-type.application";
        };
        A20000000000000000000001 /* OnTrackWidget */ = {
            isa = PBXNativeTarget;
            buildConfigurationList = A20000000000000000000051 /* Build configuration list for PBXNativeTarget "OnTrackWidget" */;
            buildPhases = (
                A20000000000000000000030 /* Sources */,
                A20000000000000000000031 /* Frameworks */,
                A20000000000000000000032 /* Resources */,
            );
            buildRules = (
            );
            dependencies = (
            );
            name = OnTrackWidget;
            productName = OnTrackWidget;
            productReference = A20000000000000000000003 /* OnTrackWidget.appex */;
            productType = "com.apple.product-type.app-extension";
        };
/* End PBXNativeTarget section */

/* Begin PBXProject section */
        A10000000000000000000000 /* Project object */ = {
            isa = PBXProject;
            attributes = {
                BuildIndependentTargetsInParallel = 1;
                LastSwiftUpdateCheck = 2640;
                LastUpgradeCheck = 2640;
                TargetAttributes = {
                    A10000000000000000000001 = {
                        CreatedOnToolsVersion = 26.4.1;
                    };
                    A20000000000000000000001 = {
                        CreatedOnToolsVersion = 26.4.1;
                    };
                };
            };
            buildConfigurationList = A10000000000000000000050 /* Build configuration list for PBXProject "OnTrack" */;
            compatibilityVersion = "Xcode 14.0";
            developmentRegion = en;
            hasScannedForEncodings = 0;
            knownRegions = (
                en,
                Base,
            );
            mainGroup = A10000000000000000000004;
            productRefGroup = A10000000000000000000006 /* Products */;
            projectDirPath = "";
            projectRoot = "";
            targets = (
                A10000000000000000000001 /* OnTrack */,
                A20000000000000000000001 /* OnTrackWidget */,
            );
        };
/* End PBXProject section */

/* Begin PBXResourcesBuildPhase section */
        A10000000000000000000032 /* Resources */ = {
            isa = PBXResourcesBuildPhase;
            buildActionMask = 2147483647;
            files = (
                A10000000000000000000024 /* Assets.xcassets in Resources */,
                A10000000000000000000026 /* destination-autofill.json in Resources */,
            );
            runOnlyForDeploymentPostprocessing = 0;
        };
        A20000000000000000000032 /* Resources */ = {
            isa = PBXResourcesBuildPhase;
            buildActionMask = 2147483647;
            files = (
                A20000000000000000000028 /* destination-autofill.json in Resources */,
                A20000000000000000000029 /* launch-logo.png in Resources */,
                A2000000000000000000002A /* launch-logo@2x.png in Resources */,
                A2000000000000000000002B /* launch-logo@3x.png in Resources */,
            );
            runOnlyForDeploymentPostprocessing = 0;
        };
/* End PBXResourcesBuildPhase section */

/* Begin PBXSourcesBuildPhase section */
        A10000000000000000000030 /* Sources */ = {
            isa = PBXSourcesBuildPhase;
            buildActionMask = 2147483647;
            files = (
                A10000000000000000000020 /* OnTrackApp.swift in Sources */,
                A10000000000000000000021 /* ContentView.swift in Sources */,
                A10000000000000000000022 /* Models.swift in Sources */,
                A10000000000000000000023 /* APIClient.swift in Sources */,
                A10000000000000000000025 /* DestinationAutofill.swift in Sources */,
                A10000000000000000000027 /* SupportPurchaseManager.swift in Sources */,
                A10000000000000000000028 /* WidgetSnapshot.swift in Sources */,
                A10000000000000000000029 /* TrainWidgetContent.swift in Sources */,
                A1000000000000000000002A /* UpdateAvailabilityManager.swift in Sources */,
            );
            runOnlyForDeploymentPostprocessing = 0;
        };
        A20000000000000000000030 /* Sources */ = {
            isa = PBXSourcesBuildPhase;
            buildActionMask = 2147483647;
            files = (
                A20000000000000000000020 /* OnTrackWidget.swift in Sources */,
                A20000000000000000000024 /* WidgetTimelineLoader.swift in Sources */,
                A20000000000000000000025 /* Models.swift in Sources */,
                A20000000000000000000026 /* APIClient.swift in Sources */,
                A20000000000000000000027 /* DestinationAutofill.swift in Sources */,
                A20000000000000000000021 /* WidgetSnapshot.swift in Sources */,
                A20000000000000000000023 /* TrainWidgetContent.swift in Sources */,
            );
            runOnlyForDeploymentPostprocessing = 0;
        };
/* End PBXSourcesBuildPhase section */

/* Begin PBXTargetDependency section */
        A20000000000000000000061 /* PBXTargetDependency */ = {
            isa = PBXTargetDependency;
            target = A20000000000000000000001 /* OnTrackWidget */;
            targetProxy = A20000000000000000000060 /* PBXContainerItemProxy */;
        };
/* End PBXTargetDependency section */

/* Begin XCBuildConfiguration section */
        A10000000000000000000040 /* Debug */ = {
            isa = XCBuildConfiguration;
            buildSettings = {
                ALWAYS_SEARCH_USER_PATHS = NO;
                CLANG_ANALYZER_NONNULL = YES;
                CLANG_ANALYZER_NUMBER_OBJECT_CONVERSION = YES_AGGRESSIVE;
                CLANG_CXX_LANGUAGE_STANDARD = "gnu++20";
                CLANG_ENABLE_MODULES = YES;
                CLANG_ENABLE_OBJC_ARC = YES;
                CLANG_ENABLE_OBJC_WEAK = YES;
                CLANG_WARN_BLOCK_CAPTURE_AUTORELEASING = YES;
                CLANG_WARN_BOOL_CONVERSION = YES;
                CLANG_WARN_COMMA = YES;
                CLANG_WARN_CONSTANT_CONVERSION = YES;
                CLANG_WARN_DEPRECATED_OBJC_IMPLEMENTATIONS = YES;
                CLANG_WARN_DIRECT_OBJC_ISA_USAGE = YES_ERROR;
                CLANG_WARN_DOCUMENTATION_COMMENTS = YES;
                CLANG_WARN_EMPTY_BODY = YES;
                CLANG_WARN_ENUM_CONVERSION = YES;
                CLANG_WARN_INFINITE_RECURSION = YES;
                CLANG_WARN_INT_CONVERSION = YES;
                CLANG_WARN_NON_LITERAL_NULL_CONVERSION = YES;
                CLANG_WARN_OBJC_IMPLICIT_RETAIN_SELF = YES;
                CLANG_WARN_OBJC_LITERAL_CONVERSION = YES;
                CLANG_WARN_OBJC_ROOT_CLASS = YES_ERROR;
                CLANG_WARN_QUOTED_INCLUDE_IN_FRAMEWORK_HEADER = YES;
                CLANG_WARN_RANGE_LOOP_ANALYSIS = YES;
                CLANG_WARN_STRICT_PROTOTYPES = YES;
                CLANG_WARN_SUSPICIOUS_MOVE = YES;
                CLANG_WARN_UNGUARDED_AVAILABILITY = YES_AGGRESSIVE;
                CLANG_WARN_UNREACHABLE_CODE = YES;
                CLANG_WARN__DUPLICATE_METHOD_MATCH = YES;
                COPY_PHASE_STRIP = NO;
                DEBUG_INFORMATION_FORMAT = dwarf;
                ENABLE_STRICT_OBJC_MSGSEND = YES;
                ENABLE_TESTABILITY = YES;
                ENABLE_USER_SCRIPT_SANDBOXING = YES;
                GCC_C_LANGUAGE_STANDARD = gnu17;
                GCC_DYNAMIC_NO_PIC = NO;
                GCC_NO_COMMON_BLOCKS = YES;
                GCC_OPTIMIZATION_LEVEL = 0;
                GCC_PREPROCESSOR_DEFINITIONS = (
                    "DEBUG=1",
                    "$(inherited)",
                );
                GCC_WARN_64_TO_32_BIT_CONVERSION = YES;
                GCC_WARN_ABOUT_RETURN_TYPE = YES_ERROR;
                GCC_WARN_UNDECLARED_SELECTOR = YES;
                GCC_WARN_UNINITIALIZED_AUTOS = YES_AGGRESSIVE;
                GCC_WARN_UNUSED_FUNCTION = YES;
                GCC_WARN_UNUSED_VARIABLE = YES;
                IPHONEOS_DEPLOYMENT_TARGET = 17.0;
                LOCALIZATION_PREFERS_STRING_CATALOGS = YES;
                MTL_ENABLE_DEBUG_INFO = INCLUDE_SOURCE;
                MTL_FAST_MATH = YES;
                ONLY_ACTIVE_ARCH = YES;
                SDKROOT = iphoneos;
                SWIFT_ACTIVE_COMPILATION_CONDITIONS = DEBUG;
                SWIFT_OPTIMIZATION_LEVEL = "-Onone";
            };
            name = Debug;
        };
        A10000000000000000000041 /* Release */ = {
            isa = XCBuildConfiguration;
            buildSettings = {
                ALWAYS_SEARCH_USER_PATHS = NO;
                CLANG_ANALYZER_NONNULL = YES;
                CLANG_ANALYZER_NUMBER_OBJECT_CONVERSION = YES_AGGRESSIVE;
                CLANG_CXX_LANGUAGE_STANDARD = "gnu++20";
                CLANG_ENABLE_MODULES = YES;
                CLANG_ENABLE_OBJC_ARC = YES;
                CLANG_ENABLE_OBJC_WEAK = YES;
                CLANG_WARN_BLOCK_CAPTURE_AUTORELEASING = YES;
                CLANG_WARN_BOOL_CONVERSION = YES;
                CLANG_WARN_COMMA = YES;
                CLANG_WARN_CONSTANT_CONVERSION = YES;
                CLANG_WARN_DEPRECATED_OBJC_IMPLEMENTATIONS = YES;
                CLANG_WARN_DIRECT_OBJC_ISA_USAGE = YES_ERROR;
                CLANG_WARN_DOCUMENTATION_COMMENTS = YES;
                CLANG_WARN_EMPTY_BODY = YES;
                CLANG_WARN_ENUM_CONVERSION = YES;
                CLANG_WARN_INFINITE_RECURSION = YES;
                CLANG_WARN_INT_CONVERSION = YES;
                CLANG_WARN_NON_LITERAL_NULL_CONVERSION = YES;
                CLANG_WARN_OBJC_IMPLICIT_RETAIN_SELF = YES;
                CLANG_WARN_OBJC_LITERAL_CONVERSION = YES;
                CLANG_WARN_OBJC_ROOT_CLASS = YES_ERROR;
                CLANG_WARN_QUOTED_INCLUDE_IN_FRAMEWORK_HEADER = YES;
                CLANG_WARN_RANGE_LOOP_ANALYSIS = YES;
                CLANG_WARN_STRICT_PROTOTYPES = YES;
                CLANG_WARN_SUSPICIOUS_MOVE = YES;
                CLANG_WARN_UNGUARDED_AVAILABILITY = YES_AGGRESSIVE;
                CLANG_WARN_UNREACHABLE_CODE = YES;
                CLANG_WARN__DUPLICATE_METHOD_MATCH = YES;
                COPY_PHASE_STRIP = NO;
                DEBUG_INFORMATION_FORMAT = "dwarf-with-dsym";
                ENABLE_NS_ASSERTIONS = NO;
                ENABLE_STRICT_OBJC_MSGSEND = YES;
                ENABLE_USER_SCRIPT_SANDBOXING = YES;
                GCC_C_LANGUAGE_STANDARD = gnu17;
                GCC_NO_COMMON_BLOCKS = YES;
                GCC_WARN_64_TO_32_BIT_CONVERSION = YES;
                GCC_WARN_ABOUT_RETURN_TYPE = YES_ERROR;
                GCC_WARN_UNDECLARED_SELECTOR = YES;
                GCC_WARN_UNINITIALIZED_AUTOS = YES_AGGRESSIVE;
                GCC_WARN_UNUSED_FUNCTION = YES;
                GCC_WARN_UNUSED_VARIABLE = YES;
                IPHONEOS_DEPLOYMENT_TARGET = 17.0;
                LOCALIZATION_PREFERS_STRING_CATALOGS = YES;
                MTL_ENABLE_DEBUG_INFO = NO;
                MTL_FAST_MATH = YES;
                SDKROOT = iphoneos;
                SWIFT_COMPILATION_MODE = wholemodule;
                VALIDATE_PRODUCT = YES;
            };
            name = Release;
        };
        A10000000000000000000042 /* Debug */ = {
            isa = XCBuildConfiguration;
            buildSettings = {
                ASSETCATALOG_COMPILER_ALTERNATE_APPICON_NAMES = "AppIconDark AppIconSage AppIconAmethyst AppIconEmber";
                ASSETCATALOG_COMPILER_APPICON_NAME = AppIcon;
                CODE_SIGN_ENTITLEMENTS = OnTrack/OnTrack.entitlements;
                CODE_SIGN_STYLE = Automatic;
                CURRENT_PROJECT_VERSION = 10;
                DEVELOPMENT_TEAM = D925G8G7CS;
                GENERATE_INFOPLIST_FILE = NO;
                INFOPLIST_FILE = OnTrack/Info.plist;
                IPHONEOS_DEPLOYMENT_TARGET = 17.0;
                LD_RUNPATH_SEARCH_PATHS = (
                    "$(inherited)",
                    "@executable_path/Frameworks",
                );
                MARKETING_VERSION = 0.4.0;
                ONTRACK_API_ORIGIN = "https://ontrack.hsichen.dev";
                PRODUCT_BUNDLE_IDENTIFIER = dev.hsichen.ontrack;
                PRODUCT_NAME = "$(TARGET_NAME)";
                SUPPORTED_PLATFORMS = (
                    iphoneos,
                    iphonesimulator,
                );
                SUPPORTS_MACCATALYST = NO;
                SUPPORTS_MAC_DESIGNED_FOR_IPHONE_IPAD = NO;
                SUPPORTS_XR_DESIGNED_FOR_IPHONE_IPAD = NO;
                SWIFT_EMIT_LOC_STRINGS = YES;
                SWIFT_VERSION = 6.0;
				TARGETED_DEVICE_FAMILY = 1;
            };
            name = Debug;
        };
        A10000000000000000000043 /* Release */ = {
            isa = XCBuildConfiguration;
            buildSettings = {
                ASSETCATALOG_COMPILER_ALTERNATE_APPICON_NAMES = "AppIconDark AppIconSage AppIconAmethyst AppIconEmber";
                ASSETCATALOG_COMPILER_APPICON_NAME = AppIcon;
                CODE_SIGN_ENTITLEMENTS = OnTrack/OnTrack.entitlements;
                CODE_SIGN_STYLE = Automatic;
                CURRENT_PROJECT_VERSION = 10;
                DEVELOPMENT_TEAM = D925G8G7CS;
                GENERATE_INFOPLIST_FILE = NO;
                INFOPLIST_FILE = OnTrack/Info.plist;
                IPHONEOS_DEPLOYMENT_TARGET = 17.0;
                LD_RUNPATH_SEARCH_PATHS = (
                    "$(inherited)",
                    "@executable_path/Frameworks",
                );
                MARKETING_VERSION = 0.4.0;
                ONTRACK_API_ORIGIN = "https://ontrack.hsichen.dev";
                PRODUCT_BUNDLE_IDENTIFIER = dev.hsichen.ontrack;
                PRODUCT_NAME = "$(TARGET_NAME)";
                SUPPORTED_PLATFORMS = (
                    iphoneos,
                    iphonesimulator,
                );
                SUPPORTS_MACCATALYST = NO;
                SUPPORTS_MAC_DESIGNED_FOR_IPHONE_IPAD = NO;
                SUPPORTS_XR_DESIGNED_FOR_IPHONE_IPAD = NO;
                SWIFT_EMIT_LOC_STRINGS = YES;
                SWIFT_VERSION = 6.0;
				TARGETED_DEVICE_FAMILY = 1;
            };
            name = Release;
        };
        A20000000000000000000042 /* Debug */ = {
            isa = XCBuildConfiguration;
            buildSettings = {
                APPLICATION_EXTENSION_API_ONLY = YES;
                CODE_SIGN_ENTITLEMENTS = OnTrackWidget/OnTrackWidget.entitlements;
                CODE_SIGN_STYLE = Automatic;
                CURRENT_PROJECT_VERSION = 10;
                DEVELOPMENT_TEAM = D925G8G7CS;
                GENERATE_INFOPLIST_FILE = NO;
                INFOPLIST_FILE = OnTrackWidget/Info.plist;
                IPHONEOS_DEPLOYMENT_TARGET = 17.0;
                LD_RUNPATH_SEARCH_PATHS = (
                    "$(inherited)",
                    "@executable_path/Frameworks",
                    "@executable_path/../../Frameworks",
                );
                MARKETING_VERSION = 0.4.0;
                PRODUCT_BUNDLE_IDENTIFIER = dev.hsichen.ontrack.widget;
                PRODUCT_NAME = "$(TARGET_NAME)";
                SKIP_INSTALL = YES;
                SUPPORTED_PLATFORMS = (
                    iphoneos,
                    iphonesimulator,
                );
                SWIFT_EMIT_LOC_STRINGS = YES;
                SWIFT_VERSION = 6.0;
                TARGETED_DEVICE_FAMILY = 1;
            };
            name = Debug;
        };
        A20000000000000000000043 /* Release */ = {
            isa = XCBuildConfiguration;
            buildSettings = {
                APPLICATION_EXTENSION_API_ONLY = YES;
                CODE_SIGN_ENTITLEMENTS = OnTrackWidget/OnTrackWidget.entitlements;
                CODE_SIGN_STYLE = Automatic;
                CURRENT_PROJECT_VERSION = 10;
                DEVELOPMENT_TEAM = D925G8G7CS;
                GENERATE_INFOPLIST_FILE = NO;
                INFOPLIST_FILE = OnTrackWidget/Info.plist;
                IPHONEOS_DEPLOYMENT_TARGET = 17.0;
                LD_RUNPATH_SEARCH_PATHS = (
                    "$(inherited)",
                    "@executable_path/Frameworks",
                    "@executable_path/../../Frameworks",
                );
                MARKETING_VERSION = 0.4.0;
                PRODUCT_BUNDLE_IDENTIFIER = dev.hsichen.ontrack.widget;
                PRODUCT_NAME = "$(TARGET_NAME)";
                SKIP_INSTALL = YES;
                SUPPORTED_PLATFORMS = (
                    iphoneos,
                    iphonesimulator,
                );
                SWIFT_EMIT_LOC_STRINGS = YES;
                SWIFT_VERSION = 6.0;
                TARGETED_DEVICE_FAMILY = 1;
            };
            name = Release;
        };
/* End XCBuildConfiguration section */

/* Begin XCConfigurationList section */
        A10000000000000000000050 /* Build configuration list for PBXProject "OnTrack" */ = {
            isa = XCConfigurationList;
            buildConfigurations = (
                A10000000000000000000040 /* Debug */,
                A10000000000000000000041 /* Release */,
            );
            defaultConfigurationIsVisible = 0;
            defaultConfigurationName = Release;
        };
        A10000000000000000000051 /* Build configuration list for PBXNativeTarget "OnTrack" */ = {
            isa = XCConfigurationList;
            buildConfigurations = (
                A10000000000000000000042 /* Debug */,
                A10000000000000000000043 /* Release */,
            );
            defaultConfigurationIsVisible = 0;
            defaultConfigurationName = Release;
        };
        A20000000000000000000051 /* Build configuration list for PBXNativeTarget "OnTrackWidget" */ = {
            isa = XCConfigurationList;
            buildConfigurations = (
                A20000000000000000000042 /* Debug */,
                A20000000000000000000043 /* Release */,
            );
            defaultConfigurationIsVisible = 0;
            defaultConfigurationName = Release;
        };
/* End XCConfigurationList section */
    };
    rootObject = A10000000000000000000000 /* Project object */;
}
